{
  "name": "findcustomers",
  "version": "1.0.0",
  "lockfileVersion": 1,
  "requires": true,
  "dependencies": {
    "geopoint": {
      "version": "1.0.1",
      "resolved": "https://registry.npmjs.org/geopoint/-/geopoint-1.0.1.tgz",
      "integrity": "sha1-CNsASLTLk1ut1fmiwLLiB8pLfyQ="
    },
    "location-finder": {
      "version": "1.0.1",
      "resolved": "https://registry.npmjs.org/location-finder/-/location-finder-1.0.1.tgz",
      "integrity": "sha512-tDBP+Wab2r7QaTfufwL15LaJik9J9E5VSAdpKXNHN5QCChs7XsZRWk7UfknRBvUGTqdcAfWJT2MvCzG7SQpaSg==",
      "requires": {
        "geopoint": "1.0.1"
      }
    }
  }
}
